// !$*UTF8*$!
{
	archiveVersion = 1;
	classes = {
	};
	objectVersion = 46;
	objects = {

/* Begin PBXBuildFile section */
		32054A4B1E518ECD007CEDE5 /* AFHTTPSessionManager.m in Sources */ = {isa = PBXBuildFile; fileRef = 32054A3F1E518ECD007CEDE5 /* AFHTTPSessionManager.m */; };
		32054A4C1E518ECD007CEDE5 /* AFNetworkReachabilityManager.m in Sources */ = {isa = PBXBuildFile; fileRef = 32054A421E518ECD007CEDE5 /* AFNetworkReachabilityManager.m */; };
		32054A4D1E518ECD007CEDE5 /* AFSecurityPolicy.m in Sources */ = {isa = PBXBuildFile; fileRef = 32054A441E518ECD007CEDE5 /* AFSecurityPolicy.m */; };
		32054A4E1E518ECD007CEDE5 /* AFURLRequestSerialization.m in Sources */ = {isa = PBXBuildFile; fileRef = 32054A461E518ECD007CEDE5 /* AFURLRequestSerialization.m */; };
		32054A4F1E518ECD007CEDE5 /* AFURLResponseSerialization.m in Sources */ = {isa = PBXBuildFile; fileRef = 32054A481E518ECD007CEDE5 /* AFURLResponseSerialization.m */; };
		32054A501E518ECD007CEDE5 /* AFURLSessionManager.m in Sources */ = {isa = PBXBuildFile; fileRef = 32054A4A1E518ECD007CEDE5 /* AFURLSessionManager.m */; };
		32158D821E2CAC5F00EE0CDD /* PrivatePhotoListVC.m in Sources */ = {isa = PBXBuildFile; fileRef = 32158D811E2CAC5F00EE0CDD /* PrivatePhotoListVC.m */; };
		322DCFFC1E64296C0048498E /* JCModel.m in Sources */ = {isa = PBXBuildFile; fileRef = 322DCFFB1E64296C0048498E /* JCModel.m */; };
		32F29BAC1E0CC53200290A1E /* main.m in Sources */ = {isa = PBXBuildFile; fileRef = 32F29BAB1E0CC53200290A1E /* main.m */; };
		32F29BAF1E0CC53200290A1E /* AppDelegate.m in Sources */ = {isa = PBXBuildFile; fileRef = 32F29BAE1E0CC53200290A1E /* AppDelegate.m */; };
		32F29BB21E0CC53200290A1E /* ViewController.m in Sources */ = {isa = PBXBuildFile; fileRef = 32F29BB11E0CC53200290A1E /* ViewController.m */; };
		32F29BB51E0CC53200290A1E /* Main.storyboard in Resources */ = {isa = PBXBuildFile; fileRef = 32F29BB31E0CC53200290A1E /* Main.storyboard */; };
		32F29BB71E0CC53200290A1E /* Assets.xcassets in Resources */ = {isa = PBXBuildFile; fileRef = 32F29BB61E0CC53200290A1E /* Assets.xcassets */; };
		32F29BBA1E0CC53200290A1E /* LaunchScreen.storyboard in Resources */ = {isa = PBXBuildFile; fileRef = 32F29BB81E0CC53200290A1E /* LaunchScreen.storyboard */; };
		32F819B01E1E492C0089DEE3 /* SinglePhotoVC.m in Sources */ = {isa = PBXBuildFile; fileRef = 32F819AF1E1E492C0089DEE3 /* SinglePhotoVC.m */; };
		32FBBBAF1E1CDFDA00A4D6DC /* PhotoListVC.m in Sources */ = {isa = PBXBuildFile; fileRef = 32FBBBAE1E1CDFDA00A4D6DC /* PhotoListVC.m */; };
		32FBBBB21E1CE38500A4D6DC /* PhotoDetailTabCell.m in Sources */ = {isa = PBXBuildFile; fileRef = 32FBBBB11E1CE38500A4D6DC /* PhotoDetailTabCell.m */; };
/* End PBXBuildFile section */

/* Begin PBXFileReference section */
		32054A3E1E518ECD007CEDE5 /* AFHTTPSessionManager.h */ = {isa = PBXFileReference; fileEncoding = 4; lastKnownFileType = sourcecode.c.h; path = AFHTTPSessionManager.h; sourceTree = "<group>"; };
		32054A3F1E518ECD007CEDE5 /* AFHTTPSessionManager.m */ = {isa = PBXFileReference; fileEncoding = 4; lastKnownFileType = sourcecode.c.objc; path = AFHTTPSessionManager.m; sourceTree = "<group>"; };
		32054A401E518ECD007CEDE5 /* AFNetworking.h */ = {isa = PBXFileReference; fileEncoding = 4; lastKnownFileType = sourcecode.c.h; path = AFNetworking.h; sourceTree = "<group>"; };
		32054A411E518ECD007CEDE5 /* AFNetworkReachabilityManager.h */ = {isa = PBXFileReference; fileEncoding = 4; lastKnownFileType = sourcecode.c.h; path = AFNetworkReachabilityManager.h; sourceTree = "<group>"; };
		32054A421E518ECD007CEDE5 /* AFNetworkReachabilityManager.m */ = {isa = PBXFileReference; fileEncoding = 4; lastKnownFileType = sourcecode.c.objc; path = AFNetworkReachabilityManager.m; sourceTree = "<group>"; };
		32054A431E518ECD007CEDE5 /* AFSecurityPolicy.h */ = {isa = PBXFileReference; fileEncoding = 4; lastKnownFileType = sourcecode.c.h; path = AFSecurityPolicy.h; sourceTree = "<group>"; };
		32054A441E518ECD007CEDE5 /* AFSecurityPolicy.m */ = {isa = PBXFileReference; fileEncoding = 4; lastKnownFileType = sourcecode.c.objc; path = AFSecurityPolicy.m; sourceTree = "<group>"; };
		32054A451E518ECD007CEDE5 /* AFURLRequestSerialization.h */ = {isa = PBXFileReference; fileEncoding = 4; lastKnownFileType = sourcecode.c.h; path = AFURLRequestSerialization.h; sourceTree = "<group>"; };
		32054A461E518ECD007CEDE5 /* AFURLRequestSerialization.m */ = {isa = PBXFileReference; fileEncoding = 4; lastKnownFileType = sourcecode.c.objc; path = AFURLRequestSerialization.m; sourceTree = "<group>"; };
		32054A471E518ECD007CEDE5 /* AFURLResponseSerialization.h */ = {isa = PBXFileReference; fileEncoding = 4; lastKnownFileType = sourcecode.c.h; path = AFURLResponseSerialization.h; sourceTree = "<group>"; };
		32054A481E518ECD007CEDE5 /* AFURLResponseSerialization.m */ = {isa = PBXFileReference; fileEncoding = 4; lastKnownFileType = sourcecode.c.objc; path = AFURLResponseSerialization.m; sourceTree = "<group>"; };
		32054A491E518ECD007CEDE5 /* AFURLSessionManager.h */ = {isa = PBXFileReference; fileEncoding = 4; lastKnownFileType = sourcecode.c.h; path = AFURLSessionManager.h; sourceTree = "<group>"; };
		32054A4A1E518ECD007CEDE5 /* AFURLSessionManager.m */ = {isa = PBXFileReference; fileEncoding = 4; lastKnownFileType = sourcecode.c.objc; path = AFURLSessionManager.m; sourceTree = "<group>"; };
		32158D801E2CAC5F00EE0CDD /* PrivatePhotoListVC.h */ = {isa = PBXFileReference; fileEncoding = 4; lastKnownFileType = sourcecode.c.h; path = PrivatePhotoListVC.h; sourceTree = "<group>"; };
		32158D811E2CAC5F00EE0CDD /* PrivatePhotoListVC.m */ = {isa = PBXFileReference; fileEncoding = 4; lastKnownFileType = sourcecode.c.objc; path = PrivatePhotoListVC.m; sourceTree = "<group>"; };
		322DCFFA1E64296C0048498E /* JCModel.h */ = {isa = PBXFileReference; fileEncoding = 4; lastKnownFileType = sourcecode.c.h; path = JCModel.h; sourceTree = "<group>"; };
		322DCFFB1E64296C0048498E /* JCModel.m */ = {isa = PBXFileReference; fileEncoding = 4; lastKnownFileType = sourcecode.c.objc; path = JCModel.m; sourceTree = "<group>"; };
		32F29BA71E0CC53200290A1E /* PhotoKit.app */ = {isa = PBXFileReference; explicitFileType = wrapper.application; includeInIndex = 0; path = PhotoKit.app; sourceTree = BUILT_PRODUCTS_DIR; };
		32F29BAB1E0CC53200290A1E /* main.m */ = {isa = PBXFileReference; lastKnownFileType = sourcecode.c.objc; path = main.m; sourceTree = "<group>"; };
		32F29BAD1E0CC53200290A1E /* AppDelegate.h */ = {isa = PBXFileReference; lastKnownFileType = sourcecode.c.h; path = AppDelegate.h; sourceTree = "<group>"; };
		32F29BAE1E0CC53200290A1E /* AppDelegate.m */ = {isa = PBXFileReference; lastKnownFileType = sourcecode.c.objc; path = AppDelegate.m; sourceTree = "<group>"; };
		32F29BB01E0CC53200290A1E /* ViewController.h */ = {isa = PBXFileReference; lastKnownFileType = sourcecode.c.h; path = ViewController.h; sourceTree = "<group>"; };
		32F29BB11E0CC53200290A1E /* ViewController.m */ = {isa = PBXFileReference; lastKnownFileType = sourcecode.c.objc; path = ViewController.m; sourceTree = "<group>"; };
		32F29BB41E0CC53200290A1E /* Base */ = {isa = PBXFileReference; lastKnownFileType = file.storyboard; name = Base; path = Base.lproj/Main.storyboard; sourceTree = "<group>"; };
		32F29BB61E0CC53200290A1E /* Assets.xcassets */ = {isa = PBXFileReference; lastKnownFileType = folder.assetcatalog; path = Assets.xcassets; sourceTree = "<group>"; };
		32F29BB91E0CC53200290A1E /* Base */ = {isa = PBXFileReference; lastKnownFileType = file.storyboard; name = Base; path = Base.lproj/LaunchScreen.storyboard; sourceTree = "<group>"; };
		32F29BBB1E0CC53200290A1E /* Info.plist */ = {isa = PBXFileReference; lastKnownFileType = text.plist.xml; path = Info.plist; sourceTree = "<group>"; };
		32F819AE1E1E492C0089DEE3 /* SinglePhotoVC.h */ = {isa = PBXFileReference; fileEncoding = 4; lastKnownFileType = sourcecode.c.h; path = SinglePhotoVC.h; sourceTree = "<group>"; };
		32F819AF1E1E492C0089DEE3 /* SinglePhotoVC.m */ = {isa = PBXFileReference; fileEncoding = 4; lastKnownFileType = sourcecode.c.objc; path = SinglePhotoVC.m; sourceTree = "<group>"; };
		32FBBBAD1E1CDFDA00A4D6DC /* PhotoListVC.h */ = {isa = PBXFileReference; fileEncoding = 4; lastKnownFileType = sourcecode.c.h; path = PhotoListVC.h; sourceTree = "<group>"; };
		32FBBBAE1E1CDFDA00A4D6DC /* PhotoListVC.m */ = {isa = PBXFileReference; fileEncoding = 4; lastKnownFileType = sourcecode.c.objc; path = PhotoListVC.m; sourceTree = "<group>"; };
		32FBBBB01E1CE38500A4D6DC /* PhotoDetailTabCell.h */ = {isa = PBXFileReference; fileEncoding = 4; lastKnownFileType = sourcecode.c.h; path = PhotoDetailTabCell.h; sourceTree = "<group>"; };
		32FBBBB11E1CE38500A4D6DC /* PhotoDetailTabCell.m */ = {isa = PBXFileReference; fileEncoding = 4; lastKnownFileType = sourcecode.c.objc; path = PhotoDetailTabCell.m; sourceTree = "<group>"; };
/* End PBXFileReference section */

/* Begin PBXFrameworksBuildPhase section */
		32F29BA41E0CC53200290A1E /* Frameworks */ = {
			isa = PBXFrameworksBuildPhase;
			buildActionMask = 2147483647;
			files = (
			);
			runOnlyForDeploymentPostprocessing = 0;
		};
/* End PBXFrameworksBuildPhase section */

/* Begin PBXGroup section */
		32054A3C1E518E72007CEDE5 /* Network */ = {
			isa = PBXGroup;
			children = (
				32054A3D1E518ECD007CEDE5 /* AFNetworking */,
			);
			name = Network;
			sourceTree = "<group>";
		};
		32054A3D1E518ECD007CEDE5 /* AFNetworking */ = {
			isa = PBXGroup;
			children = (
				32054A3E1E518ECD007CEDE5 /* AFHTTPSessionManager.h */,
				32054A3F1E518ECD007CEDE5 /* AFHTTPSessionManager.m */,
				32054A401E518ECD007CEDE5 /* AFNetworking.h */,
				32054A411E518ECD007CEDE5 /* AFNetworkReachabilityManager.h */,
				32054A421E518ECD007CEDE5 /* AFNetworkReachabilityManager.m */,
				32054A431E518ECD007CEDE5 /* AFSecurityPolicy.h */,
				32054A441E518ECD007CEDE5 /* AFSecurityPolicy.m */,
				32054A451E518ECD007CEDE5 /* AFURLRequestSerialization.h */,
				32054A461E518ECD007CEDE5 /* AFURLRequestSerialization.m */,
				32054A471E518ECD007CEDE5 /* AFURLResponseSerialization.h */,
				32054A481E518ECD007CEDE5 /* AFURLResponseSerialization.m */,
				32054A491E518ECD007CEDE5 /* AFURLSessionManager.h */,
				32054A4A1E518ECD007CEDE5 /* AFURLSessionManager.m */,
			);
			path = AFNetworking;
			sourceTree = "<group>";
		};
		32F29B9E1E0CC53200290A1E = {
			isa = PBXGroup;
			children = (
				32F29BA91E0CC53200290A1E /* PhotoKit */,
				32F29BA81E0CC53200290A1E /* Products */,
			);
			sourceTree = "<group>";
		};
		32F29BA81E0CC53200290A1E /* Products */ = {
			isa = PBXGroup;
			children = (
				32F29BA71E0CC53200290A1E /* PhotoKit.app */,
			);
			name = Products;
			sourceTree = "<group>";
		};
		32F29BA91E0CC53200290A1E /* PhotoKit */ = {
			isa = PBXGroup;
			children = (
				32F29BAD1E0CC53200290A1E /* AppDelegate.h */,
				32F29BAE1E0CC53200290A1E /* AppDelegate.m */,
				32F29BB01E0CC53200290A1E /* ViewController.h */,
				32F29BB11E0CC53200290A1E /* ViewController.m */,
				322DCFFA1E64296C0048498E /* JCModel.h */,
				322DCFFB1E64296C0048498E /* JCModel.m */,
				32FBBBB31E1CE63700A4D6DC /* Cell */,
				32054A3C1E518E72007CEDE5 /* Network */,
				32F29BB31E0CC53200290A1E /* Main.storyboard */,
				32F29BB61E0CC53200290A1E /* Assets.xcassets */,
				32F29BB81E0CC53200290A1E /* LaunchScreen.storyboard */,
				32F29BBB1E0CC53200290A1E /* Info.plist */,
				32F29BAA1E0CC53200290A1E /* Supporting Files */,
			);
			path = PhotoKit;
			sourceTree = "<group>";
		};
		32F29BAA1E0CC53200290A1E /* Supporting Files */ = {
			isa = PBXGroup;
			children = (
				32F29BAB1E0CC53200290A1E /* main.m */,
			);
			name = "Supporting Files";
			sourceTree = "<group>";
		};
		32FBBBB31E1CE63700A4D6DC /* Cell */ = {
			isa = PBXGroup;
			children = (
				32FBBBAD1E1CDFDA00A4D6DC /* PhotoListVC.h */,
				32FBBBAE1E1CDFDA00A4D6DC /* PhotoListVC.m */,
				32158D801E2CAC5F00EE0CDD /* PrivatePhotoListVC.h */,
				32158D811E2CAC5F00EE0CDD /* PrivatePhotoListVC.m */,
				32FBBBB01E1CE38500A4D6DC /* PhotoDetailTabCell.h */,
				32FBBBB11E1CE38500A4D6DC /* PhotoDetailTabCell.m */,
				32F819AE1E1E492C0089DEE3 /* SinglePhotoVC.h */,
				32F819AF1E1E492C0089DEE3 /* SinglePhotoVC.m */,
			);
			name = Cell;
			sourceTree = "<group>";
		};
/* End PBXGroup section */

/* Begin PBXNativeTarget section */
		32F29BA61E0CC53200290A1E /* PhotoKit */ = {
			isa = PBXNativeTarget;
			buildConfigurationList = 32F29BBE1E0CC53200290A1E /* Build configuration list for PBXNativeTarget "PhotoKit" */;
			buildPhases = (
				32F29BA31E0CC53200290A1E /* Sources */,
				32F29BA41E0CC53200290A1E /* Frameworks */,
				32F29BA51E0CC53200290A1E /* Resources */,
			);
			buildRules = (
			);
			dependencies = (
			);
			name = PhotoKit;
			productName = PhotoKit;
			productReference = 32F29BA71E0CC53200290A1E /* PhotoKit.app */;
			productType = "com.apple.product-type.application";
		};
/* End PBXNativeTarget section */

/* Begin PBXProject section */
		32F29B9F1E0CC53200290A1E /* Project object */ = {
			isa = PBXProject;
			attributes = {
				LastUpgradeCheck = 0820;
				ORGANIZATIONNAME = "贾辰";
				TargetAttributes = {
					32F29BA61E0CC53200290A1E = {
						CreatedOnToolsVersion = 8.2.1;
						DevelopmentTeam = SR4ZEKCW75;
						ProvisioningStyle = Automatic;
					};
				};
			};
			buildConfigurationList = 32F29BA21E0CC53200290A1E /* Build configuration list for PBXProject "PhotoKit" */;
			compatibilityVersion = "Xcode 3.2";
			developmentRegion = English;
			hasScannedForEncodings = 0;
			knownRegions = (
				en,
				Base,
			);
			mainGroup = 32F29B9E1E0CC53200290A1E;
			productRefGroup = 32F29BA81E0CC53200290A1E /* Products */;
			projectDirPath = "";
			projectRoot = "";
			targets = (
				32F29BA61E0CC53200290A1E /* PhotoKit */,
			);
		};
/* End PBXProject section */

/* Begin PBXResourcesBuildPhase section */
		32F29BA51E0CC53200290A1E /* Resources */ = {
			isa = PBXResourcesBuildPhase;
			buildActionMask = 2147483647;
			files = (
				32F29BBA1E0CC53200290A1E /* LaunchScreen.storyboard in Resources */,
				32F29BB71E0CC53200290A1E /* Assets.xcassets in Resources */,
				32F29BB51E0CC53200290A1E /* Main.storyboard in Resources */,
			);
			runOnlyForDeploymentPostprocessing = 0;
		};
/* End PBXResourcesBuildPhase section */

/* Begin PBXSourcesBuildPhase section */
		32F29BA31E0CC53200290A1E /* Sources */ = {
			isa = PBXSourcesBuildPhase;
			buildActionMask = 2147483647;
			files = (
				32F29BB21E0CC53200290A1E /* ViewController.m in Sources */,
				32054A4C1E518ECD007CEDE5 /* AFNetworkReachabilityManager.m in Sources */,
				32F819B01E1E492C0089DEE3 /* SinglePhotoVC.m in Sources */,
				32158D821E2CAC5F00EE0CDD /* PrivatePhotoListVC.m in Sources */,
				32F29BAF1E0CC53200290A1E /* AppDelegate.m in Sources */,
				32FBBBB21E1CE38500A4D6DC /* PhotoDetailTabCell.m in Sources */,
				32054A4D1E518ECD007CEDE5 /* AFSecurityPolicy.m in Sources */,
				32054A4E1E518ECD007CEDE5 /* AFURLRequestSerialization.m in Sources */,
				322DCFFC1E64296C0048498E /* JCModel.m in Sources */,
				32F29BAC1E0CC53200290A1E /* main.m in Sources */,
				32FBBBAF1E1CDFDA00A4D6DC /* PhotoListVC.m in Sources */,
				32054A4F1E518ECD007CEDE5 /* AFURLResponseSerialization.m in Sources */,
				32054A501E518ECD007CEDE5 /* AFURLSessionManager.m in Sources */,
				32054A4B1E518ECD007CEDE5 /* AFHTTPSessionManager.m in Sources */,
			);
			runOnlyForDeploymentPostprocessing = 0;
		};
/* End PBXSourcesBuildPhase section */

/* Begin PBXVariantGroup section */
		32F29BB31E0CC53200290A1E /* Main.storyboard */ = {
			isa = PBXVariantGroup;
			children = (
				32F29BB41E0CC53200290A1E /* Base */,
			);
			name = Main.storyboard;
			sourceTree = "<group>";
		};
		32F29BB81E0CC53200290A1E /* LaunchScreen.storyboard */ = {
			isa = PBXVariantGroup;
			children = (
				32F29BB91E0CC53200290A1E /* Base */,
			);
			name = LaunchScreen.storyboard;
			sourceTree = "<group>";
		};
/* End PBXVariantGroup section */

/* Begin XCBuildConfiguration section */
		32F29BBC1E0CC53200290A1E /* Debug */ = {
			isa = XCBuildConfiguration;
			buildSettings = {
				ALWAYS_SEARCH_USER_PATHS = NO;
				CLANG_ANALYZER_NONNULL = YES;
				CLANG_CXX_LANGUAGE_STANDARD = "gnu++0x";
				CLANG_CXX_LIBRARY = "libc++";
				CLANG_ENABLE_MODULES = YES;
				CLANG_ENABLE_OBJC_ARC = YES;
				CLANG_WARN_BOOL_CONVERSION = YES;
				CLANG_WARN_CONSTANT_CONVERSION = YES;
				CLANG_WARN_DIRECT_OBJC_ISA_USAGE = YES_ERROR;
				CLANG_WARN_DOCUMENTATION_COMMENTS = YES;
				CLANG_WARN_EMPTY_BODY = YES;
				CLANG_WARN_ENUM_CONVERSION = YES;
				CLANG_WARN_INFINITE_RECURSION = YES;
				CLANG_WARN_INT_CONVERSION = YES;
				CLANG_WARN_OBJC_ROOT_CLASS = YES_ERROR;
				CLANG_WARN_SUSPICIOUS_MOVE = YES;
				CLANG_WARN_UNREACHABLE_CODE = YES;
				CLANG_WARN__DUPLICATE_METHOD_MATCH = YES;
				"CODE_SIGN_IDENTITY[sdk=iphoneos*]" = "iPhone Developer";
				COPY_PHASE_STRIP = NO;
				DEBUG_INFORMATION_FORMAT = dwarf;
				ENABLE_STRICT_OBJC_MSGSEND = YES;
				ENABLE_TESTABILITY = YES;
				GCC_C_LANGUAGE_STANDARD = gnu99;
				GCC_DYNAMIC_NO_PIC = NO;
				GCC_NO_COMMON_BLOCKS = YES;
				GCC_OPTIMIZATION_LEVEL = 0;
				GCC_PREPROCESSOR_DEFINITIONS = (
					"DEBUG=1",
					"$(inherited)",
				);
				GCC_WARN_64_TO_32_BIT_CONVERSION = YES;
				GCC_WARN_ABOUT_RETURN_TYPE = YES_ERROR;
				GCC_WARN_UNDECLARED_SELECTOR = YES;
				GCC_WARN_UNINITIALIZED_AUTOS = YES_AGGRESSIVE;
				GCC_WARN_UNUSED_FUNCTION = YES;
				GCC_WARN_UNUSED_VARIABLE = YES;
				IPHONEOS_DEPLOYMENT_TARGET = 10.2;
				MTL_ENABLE_DEBUG_INFO = YES;
				ONLY_ACTIVE_ARCH = YES;
				SDKROOT = iphoneos;
			};
			name = Debug;
		};
		32F29BBD1E0CC53200290A1E /* Release */ = {
			isa = XCBuildConfiguration;
			buildSettings = {
				ALWAYS_SEARCH_USER_PATHS = NO;
				CLANG_ANALYZER_NONNULL = YES;
				CLANG_CXX_LANGUAGE_STANDARD = "gnu++0x";
				CLANG_CXX_LIBRARY = "libc++";
				CLANG_ENABLE_MODULES = YES;
				CLANG_ENABLE_OBJC_ARC = YES;
				CLANG_WARN_BOOL_CONVERSION = YES;
				CLANG_WARN_CONSTANT_CONVERSION = YES;
				CLANG_WARN_DIRECT_OBJC_ISA_USAGE = YES_ERROR;
				CLANG_WARN_DOCUMENTATION_COMMENTS = YES;
				CLANG_WARN_EMPTY_BODY = YES;
				CLANG_WARN_ENUM_CONVERSION = YES;
				CLANG_WARN_INFINITE_RECURSION = YES;
				CLANG_WARN_INT_CONVERSION = YES;
				CLANG_WARN_OBJC_ROOT_CLASS = YES_ERROR;
				CLANG_WARN_SUSPICIOUS_MOVE = YES;
				CLANG_WARN_UNREACHABLE_CODE = YES;
				CLANG_WARN__DUPLICATE_METHOD_MATCH = YES;
				"CODE_SIGN_IDENTITY[sdk=iphoneos*]" = "iPhone Developer";
				COPY_PHASE_STRIP = NO;
				DEBUG_INFORMATION_FORMAT = "dwarf-with-dsym";
				ENABLE_NS_ASSERTIONS = NO;
				ENABLE_STRICT_OBJC_MSGSEND = YES;
				GCC_C_LANGUAGE_STANDARD = gnu99;
				GCC_NO_COMMON_BLOCKS = YES;
				GCC_WARN_64_TO_32_BIT_CONVERSION = YES;
				GCC_WARN_ABOUT_RETURN_TYPE = YES_ERROR;
				GCC_WARN_UNDECLARED_SELECTOR = YES;
				GCC_WARN_UNINITIALIZED_AUTOS = YES_AGGRESSIVE;
				GCC_WARN_UNUSED_FUNCTION = YES;
				GCC_WARN_UNUSED_VARIABLE = YES;
				IPHONEOS_DEPLOYMENT_TARGET = 10.2;
				MTL_ENABLE_DEBUG_INFO = NO;
				SDKROOT = iphoneos;
				VALIDATE_PRODUCT = YES;
			};
			name = Release;
		};
		32F29BBF1E0CC53200290A1E /* Debug */ = {
			isa = XCBuildConfiguration;
			buildSettings = {
				ASSETCATALOG_COMPILER_APPICON_NAME = AppIcon;
				DEVELOPMENT_TEAM = SR4ZEKCW75;
				INFOPLIST_FILE = PhotoKit/Info.plist;
				IPHONEOS_DEPLOYMENT_TARGET = 8.1;
				LD_RUNPATH_SEARCH_PATHS = "$(inherited) @executable_path/Frameworks";
				PRODUCT_BUNDLE_IDENTIFIER = "-3070302.PhotoKit";
				PRODUCT_NAME = "$(TARGET_NAME)";
			};
			name = Debug;
		};
		32F29BC01E0CC53200290A1E /* Release */ = {
			isa = XCBuildConfiguration;
			buildSettings = {
				ASSETCATALOG_COMPILER_APPICON_NAME = AppIcon;
				DEVELOPMENT_TEAM = SR4ZEKCW75;
				INFOPLIST_FILE = PhotoKit/Info.plist;
				IPHONEOS_DEPLOYMENT_TARGET = 8.1;
				LD_RUNPATH_SEARCH_PATHS = "$(inherited) @executable_path/Frameworks";
				PRODUCT_BUNDLE_IDENTIFIER = "-3070302.PhotoKit";
				PRODUCT_NAME = "$(TARGET_NAME)";
			};
			name = Release;
		};
/* End XCBuildConfiguration section */

/* Begin XCConfigurationList section */
		32F29BA21E0CC53200290A1E /* Build configuration list for PBXProject "PhotoKit" */ = {
			isa = XCConfigurationList;
			buildConfigurations = (
				32F29BBC1E0CC53200290A1E /* Debug */,
				32F29BBD1E0CC53200290A1E /* Release */,
			);
			defaultConfigurationIsVisible = 0;
			defaultConfigurationName = Release;
		};
		32F29BBE1E0CC53200290A1E /* Build configuration list for PBXNativeTarget "PhotoKit" */ = {
			isa = XCConfigurationList;
			buildConfigurations = (
				32F29BBF1E0CC53200290A1E /* Debug */,
				32F29BC01E0CC53200290A1E /* Release */,
			);
			defaultConfigurationIsVisible = 0;
			defaultConfigurationName = Release;
		};
/* End XCConfigurationList section */
	};
	rootObject = 32F29B9F1E0CC53200290A1E /* Project object */;
}
